
Microsoft Visual Studio Solution File, Format Version 12.00
# Visual Studio Version 17
VisualStudioVersion = 17.9.34728.123
MinimumVisualStudioVersion = 10.0.40219.1
Project("{9A19103F-16F7-4668-BE54-9A1E7A4F7556}") = "IdentityExample", "IdentityExample.csproj", "{D93EB100-4664-43C6-A10A-727509E82CC8}"
EndProject
Global
	GlobalSection(SolutionConfigurationPlatforms) = preSolution
		Debug|Any CPU = Debug|Any CPU
		Release|Any CPU = Release|Any CPU
	EndGlobalSection
	GlobalSection(ProjectConfigurationPlatforms) = postSolution
		{D93EB100-4664-43C6-A10A-727509E82CC8}.Debug|Any CPU.ActiveCfg = Debug|Any CPU
		{D93EB100-4664-43C6-A10A-727509E82CC8}.Debug|Any CPU.Build.0 = Debug|Any CPU
		{D93EB100-4664-43C6-A10A-727509E82CC8}.Release|Any CPU.ActiveCfg = Release|Any CPU
		{D93EB100-4664-43C6-A10A-727509E82CC8}.Release|Any CPU.Build.0 = Release|Any CPU
	EndGlobalSection
	GlobalSection(SolutionProperties) = preSolution
		HideSolutionNode = FALSE
	EndGlobalSection
	GlobalSection(ExtensibilityGlobals) = postSolution
		SolutionGuid = {A208AB01-10FF-45EF-A1D9-2D83B1FA71A8}
	EndGlobalSection
EndGlobal
